
Microsoft Visual Studio Solution File, Format Version 12.00
# Visual Studio Version 16
VisualStudioVersion = 16.0.32510.428
MinimumVisualStudioVersion = 10.0.40219.1
Project("{FAE04EC0-301F-11D3-BF4B-00C04F79EFBC}") = "WebApplication12", "WebApplication12\WebApplication12.csproj", "{023C9A20-FB6A-43C8-B1DA-7D8EDCB66EC8}"
EndProject
Global
	GlobalSection(SolutionConfigurationPlatforms) = preSolution
		Debug|Any CPU = Debug|Any CPU
		Release|Any CPU = Release|Any CPU
	EndGlobalSection
	GlobalSection(ProjectConfigurationPlatforms) = postSolution
		{023C9A20-FB6A-43C8-B1DA-7D8EDCB66EC8}.Debug|Any CPU.ActiveCfg = Debug|Any CPU
		{023C9A20-FB6A-43C8-B1DA-7D8EDCB66EC8}.Debug|Any CPU.Build.0 = Debug|Any CPU
		{023C9A20-FB6A-43C8-B1DA-7D8EDCB66EC8}.Release|Any CPU.ActiveCfg = Release|Any CPU
		{023C9A20-FB6A-43C8-B1DA-7D8EDCB66EC8}.Release|Any CPU.Build.0 = Release|Any CPU
	EndGlobalSection
	GlobalSection(SolutionProperties) = preSolution
		HideSolutionNode = FALSE
	EndGlobalSection
	GlobalSection(ExtensibilityGlobals) = postSolution
		SolutionGuid = {328D554C-6232-4AEC-A279-822E685CBB23}
	EndGlobalSection
EndGlobal
